github.com/Andrew-peng/go-dalle2 v0.1.0 h1:09W6VGz5SxFmLVPeQ88+mj3IsJGJkV5fuicZAGqlIWI=
github.com/Andrew-peng/go-dalle2 v0.1.0/go.mod h1:A5/IOmMB15sxo2HrydVilgUDnU2gU0M8DPEvPNiriXQ=
github.com/davecgh/go-spew v1.1.1 h1:vj9j/u1bqnvCEfJOwUhtlOARqs3+rkHYY13jYWTU97c=
github.com/google/go-cmp v0.5.2 h1:X2ev0eStA3AbceY54o37/0PQ/UWqKEiiO2dKL5OPaFM=
github.com/google/go-cmp v0.5.2/go.mod h1:v8dTdLbMG2kIc/vJvl+f65V22dbkXbowE6jgT/gNBxE=
github.com/google/go-querystring v1.1.0 h1:AnCroh3fv4ZBgVIf1Iwtovgjaw/GiKJo8M8yD/fhyJ8=
github.com/google/go-querystring v1.1.0/go.mod h1:Kcdr2DB4koayq7X8pmAG4sNG59So17icRSOU623lUBU=
github.com/joho/godotenv v1.5.1 h1:7eLL/+HRGLY0ldzfGMeQkb7vMd0as4CfYvUVzLqw0N0=
github.com/joho/godotenv v1.5.1/go.mod h1:f4LDr5Voq0i2e/R5DDNOoa2zzDfwtkZa6DnEwAbqwq4=
github.com/lxn/walk v0.0.0-20210112085537-c389da54e794 h1:NVRJ0Uy0SOFcXSKLsS65OmI1sgCCfiDUPj+cwnH7GZw=
github.com/lxn/walk v0.0.0-20210112085537-c389da54e794/go.mod h1:E23UucZGqpuUANJooIbHWCufXvOcT6E7Stq81gU+CSQ=
github.com/lxn/win v0.0.0-20210218163916-a377121e959e h1:H+t6A/QJMbhCSEH5rAuRxh+CtW96g0Or0Fxa9IKr4uc=
github.com/lxn/win v0.0.0-20210218163916-a377121e959e/go.mod h1:KxxjdtRkfNoYDCUP5ryK7XJJNTnpC8atvtmTheChOtk=
github.com/pmezard/go-difflib v1.0.0 h1:4DBwDE0NGyQoBHbLQYPwSUPoCMWR5BEzIk/f1lZbAQM=
github.com/stretchr/testify v1.8.1 h1:w7B6lhMri9wdJUVmEZPGGhZzrYTPvgJArz7wNPgYKsk=
golang.org/x/sys v0.0.0-20201018230417-eeed37f84f13/go.mod h1:h1NjWce9XRLGQEsW7wpKNCjG9DtNlClVuFLEZdDNbEs=
golang.org/x/sys v0.6.0 h1:MVltZSvRTcU2ljQOhs94SXPftV6DCNnZViHeQps87pQ=
golang.org/x/sys v0.6.0/go.mod h1:oPkhp1MJrh7nUepCBck5+mAzfO9JrbApNNgaTdGDITg=
golang.org/x/xerrors v0.0.0-20191204190536-9bdfabe68543/go.mod h1:I/5z698sn9Ka8TeJc9MKroUUfqBBauWjQqLJ2OPfmY0=
gopkg.in/Knetic/govaluate.v3 v3.0.0 h1:18mUyIt4ZlRlFZAAfVetz4/rzlJs9yhN+U02F4u1AOc=
gopkg.in/Knetic/govaluate.v3 v3.0.0/go.mod h1:csKLBORsPbafmSCGTEh3U7Ozmsuq8ZSIlKk1bcqph0E=
gopkg.in/yaml.v3 v3.0.1 h1:fxVm/GzAzEWqLHuvctI91KS9hhNmmWOoWu0XTYJS7CA=
